
Microsoft Visual Studio Solution File, Format Version 12.00
# Visual Studio Version 17
VisualStudioVersion = 17.3.32804.467
MinimumVisualStudioVersion = 10.0.40219.1
Project("{FAE04EC0-301F-11D3-BF4B-00C04F79EFBC}") = "Algorithm", "Algorithm\Algorithm.csproj", "{2868164E-DFD4-44C0-8025-0B152BAD160A}"
EndProject
Global
	GlobalSection(SolutionConfigurationPlatforms) = preSolution
		Debug|Any CPU = Debug|Any CPU
		Release|Any CPU = Release|Any CPU
	EndGlobalSection
	GlobalSection(ProjectConfigurationPlatforms) = postSolution
		{2868164E-DFD4-44C0-8025-0B152BAD160A}.Debug|Any CPU.ActiveCfg = Debug|Any CPU
		{2868164E-DFD4-44C0-8025-0B152BAD160A}.Debug|Any CPU.Build.0 = Debug|Any CPU
		{2868164E-DFD4-44C0-8025-0B152BAD160A}.Release|Any CPU.ActiveCfg = Release|Any CPU
		{2868164E-DFD4-44C0-8025-0B152BAD160A}.Release|Any CPU.Build.0 = Release|Any CPU
	EndGlobalSection
	GlobalSection(SolutionProperties) = preSolution
		HideSolutionNode = FALSE
	EndGlobalSection
	GlobalSection(ExtensibilityGlobals) = postSolution
		SolutionGuid = {F8F44588-FBB2-4210-843D-FDA734CA6E05}
	EndGlobalSection
EndGlobal
